
Microsoft Visual Studio Solution File, Format Version 12.00
# 
Project("{2150E333-8FDC-42A3-9474-1A3956D46DE8}") = "1.Introduction", "1.Introduction", "{925DA8E4-323B-4EE9-A2BF-B014CABF086A}"
EndProject
Project("{FAE04EC0-301F-11D3-BF4B-00C04F79EFBC}") = "BasicConsoleApp", "1.Introduction\BasicConsoleApp\BasicConsoleApp.csproj", "{9273B7F4-0D40-4337-B165-3988B5DB4E4F}"
EndProject
Project("{2150E333-8FDC-42A3-9474-1A3956D46DE8}") = "2.GettingStarted", "2.GettingStarted", "{9060459C-5BE4-4B0B-9C10-E5834EDFCF74}"
EndProject
Project("{FAE04EC0-301F-11D3-BF4B-00C04F79EFBC}") = "BasicBlazorApp", "2.GettingStarted\BasicBlazorApp\BasicBlazorApp.csproj", "{9F826800-D740-462D-961C-C723E8993E02}"
EndProject
Project("{FAE04EC0-301F-11D3-BF4B-00C04F79EFBC}") = "BasicConsoleApp", "2.GettingStarted\BasicConsoleApp\BasicConsoleApp.csproj", "{18A91C77-67CF-4C2F-9B7A-283978A04CAA}"
EndProject
Project("{FAE04EC0-301F-11D3-BF4B-00C04F79EFBC}") = "BasicMinimalApi", "2.GettingStarted\BasicMinimalApi\BasicMinimalApi.csproj", "{1058FB2F-1AEF-46C3-9C0E-39BDF83659CF}"
EndProject
Project("{FAE04EC0-301F-11D3-BF4B-00C04F79EFBC}") = "BasicWebApi", "2.GettingStarted\BasicWebApi\BasicWebApi.csproj", "{3FD507F1-DFDA-49C5-BA09-2DF9AF319BCB}"
EndProject
Project("{2150E333-8FDC-42A3-9474-1A3956D46DE8}") = "3.DeepDive", "3.DeepDive", "{444BDE06-9397-4E37-967A-7C01FCE1C45E}"
EndProject
Project("{FAE04EC0-301F-11D3-BF4B-00C04F79EFBC}") = "BasicConsoleApp", "3.DeepDive\BasicConsoleApp\BasicConsoleApp.csproj", "{1D4B4DDD-561C-494D-98A2-63AEE79BCC33}"
EndProject
Project("{FAE04EC0-301F-11D3-BF4B-00C04F79EFBC}") = "BasicMinimalApi", "3.DeepDive\BasicMinimalApi\BasicMinimalApi.csproj", "{211D1810-6F30-4AB6-B3EE-4EF165FEF7C9}"
EndProject
Project("{2150E333-8FDC-42A3-9474-1A3956D46DE8}") = "4.Providers", "4.Providers", "{8C9A63E3-90AA-4A86-A20A-60D3C895FB72}"
EndProject
Project("{FAE04EC0-301F-11D3-BF4B-00C04F79EFBC}") = "BasicConsoleApp", "4.Providers\BasicConsoleApp\BasicConsoleApp.csproj", "{71FE29B8-FD03-4781-8105-EE016DE3B045}"
EndProject
Project("{FAE04EC0-301F-11D3-BF4B-00C04F79EFBC}") = "BasicMinimalApi", "4.Providers\BasicMinimalApi\BasicMinimalApi.csproj", "{BB9680E8-13CA-4AFC-B1D1-77FAF08F305C}"
EndProject
Project("{2150E333-8FDC-42A3-9474-1A3956D46DE8}") = "5.AdvancedFeatures", "5.AdvancedFeatures", "{70F72119-411F-49CA-8E78-AA2DB511676D}"
EndProject
Project("{FAE04EC0-301F-11D3-BF4B-00C04F79EFBC}") = "BasicConsoleApp", "5.AdvancedFeatures\BasicConsoleApp\BasicConsoleApp.csproj", "{7AA4581F-0931-4CBE-A514-E0FCA8FB8CFA}"
EndProject
Global
	GlobalSection(SolutionConfigurationPlatforms) = preSolution
		Debug|Any CPU = Debug|Any CPU
		Release|Any CPU = Release|Any CPU
	EndGlobalSection
	GlobalSection(NestedProjects) = preSolution
		{9273B7F4-0D40-4337-B165-3988B5DB4E4F} = {925DA8E4-323B-4EE9-A2BF-B014CABF086A}
		{9F826800-D740-462D-961C-C723E8993E02} = {9060459C-5BE4-4B0B-9C10-E5834EDFCF74}
		{18A91C77-67CF-4C2F-9B7A-283978A04CAA} = {9060459C-5BE4-4B0B-9C10-E5834EDFCF74}
		{1058FB2F-1AEF-46C3-9C0E-39BDF83659CF} = {9060459C-5BE4-4B0B-9C10-E5834EDFCF74}
		{3FD507F1-DFDA-49C5-BA09-2DF9AF319BCB} = {9060459C-5BE4-4B0B-9C10-E5834EDFCF74}
		{1D4B4DDD-561C-494D-98A2-63AEE79BCC33} = {444BDE06-9397-4E37-967A-7C01FCE1C45E}
		{211D1810-6F30-4AB6-B3EE-4EF165FEF7C9} = {444BDE06-9397-4E37-967A-7C01FCE1C45E}
		{71FE29B8-FD03-4781-8105-EE016DE3B045} = {8C9A63E3-90AA-4A86-A20A-60D3C895FB72}
		{BB9680E8-13CA-4AFC-B1D1-77FAF08F305C} = {8C9A63E3-90AA-4A86-A20A-60D3C895FB72}
		{7AA4581F-0931-4CBE-A514-E0FCA8FB8CFA} = {70F72119-411F-49CA-8E78-AA2DB511676D}
	EndGlobalSection
	GlobalSection(ProjectConfigurationPlatforms) = postSolution
		{9273B7F4-0D40-4337-B165-3988B5DB4E4F}.Debug|Any CPU.ActiveCfg = Debug|Any CPU
		{9273B7F4-0D40-4337-B165-3988B5DB4E4F}.Debug|Any CPU.Build.0 = Debug|Any CPU
		{9273B7F4-0D40-4337-B165-3988B5DB4E4F}.Release|Any CPU.ActiveCfg = Release|Any CPU
		{9273B7F4-0D40-4337-B165-3988B5DB4E4F}.Release|Any CPU.Build.0 = Release|Any CPU
		{9F826800-D740-462D-961C-C723E8993E02}.Debug|Any CPU.ActiveCfg = Debug|Any CPU
		{9F826800-D740-462D-961C-C723E8993E02}.Debug|Any CPU.Build.0 = Debug|Any CPU
		{9F826800-D740-462D-961C-C723E8993E02}.Release|Any CPU.ActiveCfg = Release|Any CPU
		{9F826800-D740-462D-961C-C723E8993E02}.Release|Any CPU.Build.0 = Release|Any CPU
		{18A91C77-67CF-4C2F-9B7A-283978A04CAA}.Debug|Any CPU.ActiveCfg = Debug|Any CPU
		{18A91C77-67CF-4C2F-9B7A-283978A04CAA}.Debug|Any CPU.Build.0 = Debug|Any CPU
		{18A91C77-67CF-4C2F-9B7A-283978A04CAA}.Release|Any CPU.ActiveCfg = Release|Any CPU
		{18A91C77-67CF-4C2F-9B7A-283978A04CAA}.Release|Any CPU.Build.0 = Release|Any CPU
		{1058FB2F-1AEF-46C3-9C0E-39BDF83659CF}.Debug|Any CPU.ActiveCfg = Debug|Any CPU
		{1058FB2F-1AEF-46C3-9C0E-39BDF83659CF}.Debug|Any CPU.Build.0 = Debug|Any CPU
		{1058FB2F-1AEF-46C3-9C0E-39BDF83659CF}.Release|Any CPU.ActiveCfg = Release|Any CPU
		{1058FB2F-1AEF-46C3-9C0E-39BDF83659CF}.Release|Any CPU.Build.0 = Release|Any CPU
		{3FD507F1-DFDA-49C5-BA09-2DF9AF319BCB}.Debug|Any CPU.ActiveCfg = Debug|Any CPU
		{3FD507F1-DFDA-49C5-BA09-2DF9AF319BCB}.Debug|Any CPU.Build.0 = Debug|Any CPU
		{3FD507F1-DFDA-49C5-BA09-2DF9AF319BCB}.Release|Any CPU.ActiveCfg = Release|Any CPU
		{3FD507F1-DFDA-49C5-BA09-2DF9AF319BCB}.Release|Any CPU.Build.0 = Release|Any CPU
		{1D4B4DDD-561C-494D-98A2-63AEE79BCC33}.Debug|Any CPU.ActiveCfg = Debug|Any CPU
		{1D4B4DDD-561C-494D-98A2-63AEE79BCC33}.Debug|Any CPU.Build.0 = Debug|Any CPU
		{1D4B4DDD-561C-494D-98A2-63AEE79BCC33}.Release|Any CPU.ActiveCfg = Release|Any CPU
		{1D4B4DDD-561C-494D-98A2-63AEE79BCC33}.Release|Any CPU.Build.0 = Release|Any CPU
		{211D1810-6F30-4AB6-B3EE-4EF165FEF7C9}.Debug|Any CPU.ActiveCfg = Debug|Any CPU
		{211D1810-6F30-4AB6-B3EE-4EF165FEF7C9}.Debug|Any CPU.Build.0 = Debug|Any CPU
		{211D1810-6F30-4AB6-B3EE-4EF165FEF7C9}.Release|Any CPU.ActiveCfg = Release|Any CPU
		{211D1810-6F30-4AB6-B3EE-4EF165FEF7C9}.Release|Any CPU.Build.0 = Release|Any CPU
		{71FE29B8-FD03-4781-8105-EE016DE3B045}.Debug|Any CPU.ActiveCfg = Debug|Any CPU
		{71FE29B8-FD03-4781-8105-EE016DE3B045}.Debug|Any CPU.Build.0 = Debug|Any CPU
		{71FE29B8-FD03-4781-8105-EE016DE3B045}.Release|Any CPU.ActiveCfg = Release|Any CPU
		{71FE29B8-FD03-4781-8105-EE016DE3B045}.Release|Any CPU.Build.0 = Release|Any CPU
		{BB9680E8-13CA-4AFC-B1D1-77FAF08F305C}.Debug|Any CPU.ActiveCfg = Debug|Any CPU
		{BB9680E8-13CA-4AFC-B1D1-77FAF08F305C}.Debug|Any CPU.Build.0 = Debug|Any CPU
		{BB9680E8-13CA-4AFC-B1D1-77FAF08F305C}.Release|Any CPU.ActiveCfg = Release|Any CPU
		{BB9680E8-13CA-4AFC-B1D1-77FAF08F305C}.Release|Any CPU.Build.0 = Release|Any CPU
		{7AA4581F-0931-4CBE-A514-E0FCA8FB8CFA}.Debug|Any CPU.ActiveCfg = Debug|Any CPU
		{7AA4581F-0931-4CBE-A514-E0FCA8FB8CFA}.Debug|Any CPU.Build.0 = Debug|Any CPU
		{7AA4581F-0931-4CBE-A514-E0FCA8FB8CFA}.Release|Any CPU.ActiveCfg = Release|Any CPU
		{7AA4581F-0931-4CBE-A514-E0FCA8FB8CFA}.Release|Any CPU.Build.0 = Release|Any CPU
	EndGlobalSection
EndGlobal
